
Microsoft Visual Studio Solution File, Format Version 12.00
# Visual Studio 2015
Project("{FAE04EC0-301F-11D3-BF4B-00C04F79EFBC}") = "Jungle.CSharp", "Jungle.CSharp.csproj", "{49A5DDB8-612A-336D-1350-AE5279DBE889}"
EndProject
Project("{FAE04EC0-301F-11D3-BF4B-00C04F79EFBC}") = "Jungle.CSharp.Editor", "Jungle.CSharp.Editor.csproj", "{1AF0A89D-39AF-7FD3-E29F-E10B30F199FA}"
EndProject
Global
	GlobalSection(SolutionConfigurationPlatforms) = preSolution
		Debug|Any CPU = Debug|Any CPU
		Release|Any CPU = Release|Any CPU
	EndGlobalSection
	GlobalSection(ProjectConfigurationPlatforms) = postSolution
		{49A5DDB8-612A-336D-1350-AE5279DBE889}.Debug|Any CPU.ActiveCfg = Debug|Any CPU
		{49A5DDB8-612A-336D-1350-AE5279DBE889}.Debug|Any CPU.Build.0 = Debug|Any CPU
		{49A5DDB8-612A-336D-1350-AE5279DBE889}.Release|Any CPU.ActiveCfg = Release|Any CPU
		{49A5DDB8-612A-336D-1350-AE5279DBE889}.Release|Any CPU.Build.0 = Release|Any CPU
		{1AF0A89D-39AF-7FD3-E29F-E10B30F199FA}.Debug|Any CPU.ActiveCfg = Debug|Any CPU
		{1AF0A89D-39AF-7FD3-E29F-E10B30F199FA}.Debug|Any CPU.Build.0 = Debug|Any CPU
		{1AF0A89D-39AF-7FD3-E29F-E10B30F199FA}.Release|Any CPU.ActiveCfg = Release|Any CPU
		{1AF0A89D-39AF-7FD3-E29F-E10B30F199FA}.Release|Any CPU.Build.0 = Release|Any CPU
	EndGlobalSection
	GlobalSection(SolutionProperties) = preSolution
		HideSolutionNode = FALSE
	EndGlobalSection
EndGlobal
