
Microsoft Visual Studio Solution File, Format Version 11.00
# Visual Studio 2010
Project("{FAE04EC0-301F-11D3-BF4B-00C04F79EFBC}") = "RD-test-Jungle", "Assembly-CSharp.csproj", "{39BC3896-3457-CD91-8D27-E0FBE516A557}"
EndProject
Project("{FAE04EC0-301F-11D3-BF4B-00C04F79EFBC}") = "RD-test-Jungle", "Assembly-CSharp-Editor.csproj", "{4CE171A2-4C24-3499-1B0F-807545ABCDE4}"
EndProject
Global
	GlobalSection(SolutionConfigurationPlatforms) = preSolution
		Debug|Any CPU = Debug|Any CPU
		Release|Any CPU = Release|Any CPU
	EndGlobalSection
	GlobalSection(ProjectConfigurationPlatforms) = postSolution
		{39BC3896-3457-CD91-8D27-E0FBE516A557}.Debug|Any CPU.ActiveCfg = Debug|Any CPU
		{39BC3896-3457-CD91-8D27-E0FBE516A557}.Debug|Any CPU.Build.0 = Debug|Any CPU
		{39BC3896-3457-CD91-8D27-E0FBE516A557}.Release|Any CPU.ActiveCfg = Release|Any CPU
		{39BC3896-3457-CD91-8D27-E0FBE516A557}.Release|Any CPU.Build.0 = Release|Any CPU
		{4CE171A2-4C24-3499-1B0F-807545ABCDE4}.Debug|Any CPU.ActiveCfg = Debug|Any CPU
		{4CE171A2-4C24-3499-1B0F-807545ABCDE4}.Debug|Any CPU.Build.0 = Debug|Any CPU
		{4CE171A2-4C24-3499-1B0F-807545ABCDE4}.Release|Any CPU.ActiveCfg = Release|Any CPU
		{4CE171A2-4C24-3499-1B0F-807545ABCDE4}.Release|Any CPU.Build.0 = Release|Any CPU
	EndGlobalSection
	GlobalSection(SolutionProperties) = preSolution
		HideSolutionNode = FALSE
	EndGlobalSection
	GlobalSection(MonoDevelopProperties) = preSolution
		StartupItem = Assembly-CSharp.csproj
	EndGlobalSection
EndGlobal
